{
  "name": "shopping",
  "lockfileVersion": 3,
  "requires": true,
  "packages": {
    "": {
      "dependencies": {
        "uni-ui": "^1.0.0"
      }
    },
    "node_modules/uni-ui": {
      "version": "1.0.0",
      "resolved": "https://registry.npmjs.org/uni-ui/-/uni-ui-1.0.0.tgz",
      "integrity": "sha512-NDN1mfZhMa0FCnEt3vyqBcNUCHcz+At2+OgcPakCwm3SsXeKZ8Qk7u60CpxqVmhnk14jhgJdxgtCpwx1yW96VQ==",
      "license": "ISC"
    }
  }
}
